# THIS IS AN AUTOGENERATED FILE. DO NOT EDIT THIS FILE DIRECTLY.
# yarn lockfile v1


"@hotwired/stimulus@^3.0.1":
  version "3.0.1"
  resolved "https://registry.yarnpkg.com/@hotwired/stimulus/-/stimulus-3.0.1.tgz#141f15645acaa3b133b7c247cad58ae252ffae85"
  integrity sha512-oHsJhgY2cip+K2ED7vKUNd2P+BEswVhrCYcJ802DSsblJFv7mPFVk3cQKvm2vHgHeDVdnj7oOKrBbzp1u8D+KA==

"@hotwired/turbo-rails@^7.0.1":
  version "7.0.1"
  resolved "https://registry.yarnpkg.com/@hotwired/turbo-rails/-/turbo-rails-7.0.1.tgz#d39816eef215e83468fa306a963e7c874ffe70f7"
  integrity sha512-0cV7zG9aCzF/foidgfx6WvqKDcRKXJt2aT1fenNFywO7armGTD8S86V8U1IyUAHq+ZkIL26moc+AB40uTZt0oA==
  dependencies:
    "@hotwired/turbo" "^7.0.1"
    "@rails/actioncable" "^6.0.0"

"@hotwired/turbo@^7.0.1":
  version "7.0.1"
  resolved "https://registry.yarnpkg.com/@hotwired/turbo/-/turbo-7.0.1.tgz#2a8c6ab2f24914d1d47f3a7a7779e2881e8c61a0"
  integrity sha512-awqraytYXbHV2NT0WAOnDDDGJeHHnFtnztdXvRuIqgsStUtPKM8B9H7ISm77SwbHemEjxEOB8Ku4RfNbEEXsPQ==

"@rails/actioncable@^6.0.0":
  version "6.1.4"
  resolved "https://registry.yarnpkg.com/@rails/actioncable/-/actioncable-6.1.4.tgz#c3c5a9f8302c429af9722b6c50ab48049016d2a3"
  integrity sha512-0LmSKJTuo2dL6BQ+9xxLnS9lbkyfz2mBGeBnQ2J7o9Bn0l0q+ZC6VuoZMZZXPvABI4QT7Nfknv5WhfKYL+boew==

"@rails/actiontext@^6.1.4-1":
  version "6.1.4-1"
  resolved "https://registry.yarnpkg.com/@rails/actiontext/-/actiontext-6.1.4-1.tgz#c75fbeeb7860c2f508150ad003c0c0d0c97c7584"
  integrity sha512-dS7AdkJtSyuX2PXipCTNOKEg5G/ftwS+FmM5+8Zxbo35tgs08hfYFPh0muoj5eEkshwV67kEEV/iHgX8PMLh4w==
  dependencies:
    "@rails/activestorage" "^6.0.0"

"@rails/activestorage@^6.0.0":
  version "6.1.4"
  resolved "https://registry.yarnpkg.com/@rails/activestorage/-/activestorage-6.1.4.tgz#7772f539cc846df5f4364fc57ccb48860f9e966e"
  integrity sha512-1Tm8uaVBhLTDEG4YaFPvqguhjbUGSPVItm0CfkRpIFZIkybWzFAxatIrk4YVOOxB8ZdXS7GdeYa1qVwjdiDkgQ==
  dependencies:
    spark-md5 "^3.0.0"

asynckit@^0.4.0:
  version "0.4.0"
  resolved "https://registry.yarnpkg.com/asynckit/-/asynckit-0.4.0.tgz#c79ed97f7f34cb8f2ba1bc9790bcc366474b4b79"
  integrity sha1-x57Zf380y48robyXkLzDZkdLS3k=

bloodhound-js@^1.2.3:
  version "1.2.3"
  resolved "https://registry.yarnpkg.com/bloodhound-js/-/bloodhound-js-1.2.3.tgz#702c175f7488a14cdfedb6c0fba2dba577964d49"
  integrity sha512-gpcHaO8SqK/bLwWgobLGQvIVpSdTX4fKZFjfh6ltori5aULXJxC/ndrNRf3PYGOdyD4mFIqjySXLWX4pE88VmA==
  dependencies:
    es6-promise "^3.0.2"
    object-assign "^4.0.1"
    storage2 "^0.1.0"
    superagent "^3.8.3"

bootstrap@^4:
  version "4.6.0"
  resolved "https://registry.yarnpkg.com/bootstrap/-/bootstrap-4.6.0.tgz#97b9f29ac98f98dfa43bf7468262d84392552fd7"
  integrity sha512-Io55IuQY3kydzHtbGvQya3H+KorS/M9rSNyfCGCg9WZ4pyT/lCxIlpJgG1GXW/PswzC84Tr2fBYi+7+jFVQQBw==

call-bind@^1.0.0:
  version "1.0.2"
  resolved "https://registry.yarnpkg.com/call-bind/-/call-bind-1.0.2.tgz#b1d4e89e688119c3c9a903ad30abb2f6a919be3c"
  integrity sha512-7O+FbCihrB5WGbFYesctwmTKae6rOiIzmz1icreWJ+0aA7LJfuqhEso2T9ncpcFtzMQtzXf2QGGueWJGTYsqrA==
  dependencies:
    function-bind "^1.1.1"
    get-intrinsic "^1.0.2"

combined-stream@^1.0.6:
  version "1.0.8"
  resolved "https://registry.yarnpkg.com/combined-stream/-/combined-stream-1.0.8.tgz#c3d45a8b34fd730631a110a8a2520682b31d5a7f"
  integrity sha512-FQN4MRfuJeHf7cBbBMJFXhKSDq+2kAArBlmRBvcvFE5BB1HZKXtSFASDhdlz9zOYwxh8lDdnvmMOe/+5cdoEdg==
  dependencies:
    delayed-stream "~1.0.0"

component-emitter@^1.2.0:
  version "1.3.0"
  resolved "https://registry.yarnpkg.com/component-emitter/-/component-emitter-1.3.0.tgz#16e4070fba8ae29b679f2215853ee181ab2eabc0"
  integrity sha512-Rd3se6QB+sO1TwqZjscQrurpEPIfO0/yYnSin6Q/rD3mOutHvUrCAhJub3r90uNb+SESBuE0QYoB90YdfatsRg==

cookiejar@^2.1.0:
  version "2.1.3"
  resolved "https://registry.yarnpkg.com/cookiejar/-/cookiejar-2.1.3.tgz#fc7a6216e408e74414b90230050842dacda75acc"
  integrity sha512-JxbCBUdrfr6AQjOXrxoTvAMJO4HBTUIlBzslcJPAz+/KT8yk53fXun51u+RenNYvad/+Vc2DIz5o9UxlCDymFQ==

core-util-is@~1.0.0:
  version "1.0.3"
  resolved "https://registry.yarnpkg.com/core-util-is/-/core-util-is-1.0.3.tgz#a6042d3634c2b27e9328f837b965fac83808db85"
  integrity sha512-ZQBvi1DcpJ4GDqanjucZ2Hj3wEO5pZDS89BWbkcrvdxksJorwUDDZamX9ldFkp9aw2lmBDLgkObEA4DWNJ9FYQ==

datatables.net-dt@^1.11.3:
  version "1.11.3"
  resolved "https://registry.yarnpkg.com/datatables.net-dt/-/datatables.net-dt-1.11.3.tgz#242556a490585b457b7d2b9f5fd8fb10761d621b"
  integrity sha512-EX/thRwXpQRj8hZSb+ZMDNQ4uW1zLZa9BoAhhw1b5HIDH1nJ9WRTkERsoxE+3WISeX8bDiaEydf8TTQBSqxXVw==
  dependencies:
    datatables.net ">=1.10.25"
    jquery ">=1.7"

datatables.net@>=1.10.25, datatables.net@^1.11.3:
  version "1.11.3"
  resolved "https://registry.yarnpkg.com/datatables.net/-/datatables.net-1.11.3.tgz#80e691036efcd62467558ee64c07dd566cb761b4"
  integrity sha512-VMj5qEaTebpNurySkM6jy6sGpl+s6onPK8xJhYr296R/vUBnz1+id16NVqNf9z5aR076OGcpGHCuiTuy4E05oQ==
  dependencies:
    jquery ">=1.7"

debug@^3.1.0:
  version "3.2.7"
  resolved "https://registry.yarnpkg.com/debug/-/debug-3.2.7.tgz#72580b7e9145fb39b6676f9c5e5fb100b934179a"
  integrity sha512-CFjzYYAi4ThfiQvizrFQevTTXHtnCqWfe7x1AhgEscTz6ZbLbfoLRLPugTQyBth6f8ZERVUSyWHFD/7Wu4t1XQ==
  dependencies:
    ms "^2.1.1"

delayed-stream@~1.0.0:
  version "1.0.0"
  resolved "https://registry.yarnpkg.com/delayed-stream/-/delayed-stream-1.0.0.tgz#df3ae199acadfb7d440aaae0b29e2272b24ec619"
  integrity sha1-3zrhmayt+31ECqrgsp4icrJOxhk=

es6-promise@^3.0.2:
  version "3.3.1"
  resolved "https://registry.yarnpkg.com/es6-promise/-/es6-promise-3.3.1.tgz#a08cdde84ccdbf34d027a1451bc91d4bcd28a613"
  integrity sha1-oIzd6EzNvzTQJ6FFG8kdS80ophM=

esbuild-android-arm64@0.13.8:
  version "0.13.8"
  resolved "https://registry.yarnpkg.com/esbuild-android-arm64/-/esbuild-android-arm64-0.13.8.tgz#c20e875c3c98164b1ffba9b28637bdf96f5e9e7c"
  integrity sha512-AilbChndywpk7CdKkNSZ9klxl+9MboLctXd9LwLo3b0dawmOF/i/t2U5d8LM6SbT1Xw36F8yngSUPrd8yPs2RA==

esbuild-darwin-64@0.13.8:
  version "0.13.8"
  resolved "https://registry.yarnpkg.com/esbuild-darwin-64/-/esbuild-darwin-64-0.13.8.tgz#f46e6b471ddbf62265234808a6a1aa91df18a417"
  integrity sha512-b6sdiT84zV5LVaoF+UoMVGJzR/iE2vNUfUDfFQGrm4LBwM/PWXweKpuu6RD9mcyCq18cLxkP6w/LD/w9DtX3ng==

esbuild-darwin-arm64@0.13.8:
  version "0.13.8"
  resolved "https://registry.yarnpkg.com/esbuild-darwin-arm64/-/esbuild-darwin-arm64-0.13.8.tgz#a991157a6013facd4f2e14159b7da52626c90154"
  integrity sha512-R8YuPiiJayuJJRUBG4H0VwkEKo6AvhJs2m7Tl0JaIer3u1FHHXwGhMxjJDmK+kXwTFPriSysPvcobXC/UrrZCQ==

esbuild-freebsd-64@0.13.8:
  version "0.13.8"
  resolved "https://registry.yarnpkg.com/esbuild-freebsd-64/-/esbuild-freebsd-64-0.13.8.tgz#301601d2e443ad458960e359b402a17d9500be9d"
  integrity sha512-zBn6urrn8FnKC+YSgDxdof9jhPCeU8kR/qaamlV4gI8R3KUaUK162WYM7UyFVAlj9N0MyD3AtB+hltzu4cysTw==

esbuild-freebsd-arm64@0.13.8:
  version "0.13.8"
  resolved "https://registry.yarnpkg.com/esbuild-freebsd-arm64/-/esbuild-freebsd-arm64-0.13.8.tgz#039a63acc12ec0892006c147ea221e55f9125a9f"
  integrity sha512-pWW2slN7lGlkx0MOEBoUGwRX5UgSCLq3dy2c8RIOpiHtA87xAUpDBvZK10MykbT+aMfXc0NI2lu1X+6kI34xng==

esbuild-linux-32@0.13.8:
  version "0.13.8"
  resolved "https://registry.yarnpkg.com/esbuild-linux-32/-/esbuild-linux-32-0.13.8.tgz#c537b67d7e694b60bfa2786581412838c6ba0284"
  integrity sha512-T0I0ueeKVO/Is0CAeSEOG9s2jeNNb8jrrMwG9QBIm3UU18MRB60ERgkS2uV3fZ1vP2F8i3Z2e3Zju4lg9dhVmw==

esbuild-linux-64@0.13.8:
  version "0.13.8"
  resolved "https://registry.yarnpkg.com/esbuild-linux-64/-/esbuild-linux-64-0.13.8.tgz#0092fc8a064001a777bfa0e3b425bb8be8f96e6a"
  integrity sha512-Bm8SYmFtvfDCIu9sjKppFXzRXn2BVpuCinU1ChTuMtdKI/7aPpXIrkqBNOgPTOQO9AylJJc1Zw6EvtKORhn64w==

esbuild-linux-arm64@0.13.8:
  version "0.13.8"
  resolved "https://registry.yarnpkg.com/esbuild-linux-arm64/-/esbuild-linux-arm64-0.13.8.tgz#5cd3f2bb924212971482e8dbc25c4afd09b28110"
  integrity sha512-X4pWZ+SL+FJ09chWFgRNO3F+YtvAQRcWh0uxKqZSWKiWodAB20flsW/OWFYLXBKiVCTeoGMvENZS/GeVac7+tQ==

esbuild-linux-arm@0.13.8:
  version "0.13.8"
  resolved "https://registry.yarnpkg.com/esbuild-linux-arm/-/esbuild-linux-arm-0.13.8.tgz#ad634f96bf2975536907aeb9fdb75a3194f4ddce"
  integrity sha512-4/HfcC40LJ4GPyboHA+db0jpFarTB628D1ifU+/5bunIgY+t6mHkJWyxWxAAE8wl/ZIuRYB9RJFdYpu1AXGPdg==

esbuild-linux-mips64le@0.13.8:
  version "0.13.8"
  resolved "https://registry.yarnpkg.com/esbuild-linux-mips64le/-/esbuild-linux-mips64le-0.13.8.tgz#57857edfebf9bf65766dc8be1637f2179c990572"
  integrity sha512-o7e0D+sqHKT31v+mwFircJFjwSKVd2nbkHEn4l9xQ1hLR+Bv8rnt3HqlblY3+sBdlrOTGSwz0ReROlKUMJyldA==

esbuild-linux-ppc64le@0.13.8:
  version "0.13.8"
  resolved "https://registry.yarnpkg.com/esbuild-linux-ppc64le/-/esbuild-linux-ppc64le-0.13.8.tgz#fdb82a059a5b86bb10fb42091b4ebcf488b9cd46"
  integrity sha512-eZSQ0ERsWkukJp2px/UWJHVNuy0lMoz/HZcRWAbB6reoaBw7S9vMzYNUnflfL3XA6WDs+dZn3ekHE4Y2uWLGig==

esbuild-netbsd-64@0.13.8:
  version "0.13.8"
  resolved "https://registry.yarnpkg.com/esbuild-netbsd-64/-/esbuild-netbsd-64-0.13.8.tgz#d7879e7123d3b2c04754ece8bd061aa6866deeff"
  integrity sha512-gZX4kP7gVvOrvX0ZwgHmbuHczQUwqYppxqtoyC7VNd80t5nBHOFXVhWo2Ad/Lms0E8b+wwgI/WjZFTCpUHOg9Q==

esbuild-openbsd-64@0.13.8:
  version "0.13.8"
  resolved "https://registry.yarnpkg.com/esbuild-openbsd-64/-/esbuild-openbsd-64-0.13.8.tgz#88b280b6cb0a3f6adb60abf27fc506c506a35cf0"
  integrity sha512-afzza308X4WmcebexbTzAgfEWt9MUkdTvwIa8xOu4CM2qGbl2LanqEl8/LUs8jh6Gqw6WsicEK52GPrS9wvkcw==

esbuild-sunos-64@0.13.8:
  version "0.13.8"
  resolved "https://registry.yarnpkg.com/esbuild-sunos-64/-/esbuild-sunos-64-0.13.8.tgz#229ae7c7703196a58acd0f0291ad9bebda815d63"
  integrity sha512-mWPZibmBbuMKD+LDN23LGcOZ2EawMYBONMXXHmbuxeT0XxCNwadbCVwUQ/2p5Dp5Kvf6mhrlIffcnWOiCBpiVw==

esbuild-windows-32@0.13.8:
  version "0.13.8"
  resolved "https://registry.yarnpkg.com/esbuild-windows-32/-/esbuild-windows-32-0.13.8.tgz#892d093e32a21c0c9135e5a0ffdc380aeb70e763"
  integrity sha512-QsZ1HnWIcnIEApETZWw8HlOhDSWqdZX2SylU7IzGxOYyVcX7QI06ety/aDcn437mwyO7Ph4RrbhB+2ntM8kX8A==

esbuild-windows-64@0.13.8:
  version "0.13.8"
  resolved "https://registry.yarnpkg.com/esbuild-windows-64/-/esbuild-windows-64-0.13.8.tgz#7defd8d79ae3bb7e6f53b65a7190be7daf901686"
  integrity sha512-76Fb57B9eE/JmJi1QmUW0tRLQZfGo0it+JeYoCDTSlbTn7LV44ecOHIMJSSgZADUtRMWT9z0Kz186bnaB3amSg==

esbuild-windows-arm64@0.13.8:
  version "0.13.8"
  resolved "https://registry.yarnpkg.com/esbuild-windows-arm64/-/esbuild-windows-arm64-0.13.8.tgz#e59ae004496fd8a5ab67bfc7945a2e47480d6fb9"
  integrity sha512-HW6Mtq5eTudllxY2YgT62MrVcn7oq2o8TAoAvDUhyiEmRmDY8tPwAhb1vxw5/cdkbukM3KdMYtksnUhF/ekWeg==

esbuild@^0.13.8:
  version "0.13.8"
  resolved "https://registry.yarnpkg.com/esbuild/-/esbuild-0.13.8.tgz#bd7cc51b881ab067789f88e17baca74724c1ec4f"
  integrity sha512-A4af7G7YZLfG5OnARJRMtlpEsCkq/zHZQXewgPA864l9D6VjjbH1SuFYK/OSV6BtHwDGkdwyRrX0qQFLnMfUcw==
  optionalDependencies:
    esbuild-android-arm64 "0.13.8"
    esbuild-darwin-64 "0.13.8"
    esbuild-darwin-arm64 "0.13.8"
    esbuild-freebsd-64 "0.13.8"
    esbuild-freebsd-arm64 "0.13.8"
    esbuild-linux-32 "0.13.8"
    esbuild-linux-64 "0.13.8"
    esbuild-linux-arm "0.13.8"
    esbuild-linux-arm64 "0.13.8"
    esbuild-linux-mips64le "0.13.8"
    esbuild-linux-ppc64le "0.13.8"
    esbuild-netbsd-64 "0.13.8"
    esbuild-openbsd-64 "0.13.8"
    esbuild-sunos-64 "0.13.8"
    esbuild-windows-32 "0.13.8"
    esbuild-windows-64 "0.13.8"
    esbuild-windows-arm64 "0.13.8"

extend@^3.0.0:
  version "3.0.2"
  resolved "https://registry.yarnpkg.com/extend/-/extend-3.0.2.tgz#f8b1136b4071fbd8eb140aff858b1019ec2915fa"
  integrity sha512-fjquC59cD7CyW6urNXK0FBufkZcoiGG80wTuPujX590cB5Ttln20E2UB4S/WARVqhXffZl2LNgS+gQdPIIim/g==

file-saver@^2.0.5:
  version "2.0.5"
  resolved "https://registry.yarnpkg.com/file-saver/-/file-saver-2.0.5.tgz#d61cfe2ce059f414d899e9dd6d4107ee25670c38"
  integrity sha512-P9bmyZ3h/PRG+Nzga+rbdI4OEpNDzAVyy74uVO9ATgzLK6VtAsYybF/+TOCvrc0MO793d6+42lLyZTw7/ArVzA==

form-data@^2.3.1:
  version "2.5.1"
  resolved "https://registry.yarnpkg.com/form-data/-/form-data-2.5.1.tgz#f2cbec57b5e59e23716e128fe44d4e5dd23895f4"
  integrity sha512-m21N3WOmEEURgk6B9GLOE4RuWOFf28Lhh9qGYeNlGq4VDXUlJy2th2slBNU8Gp8EzloYZOibZJ7t5ecIrFSjVA==
  dependencies:
    asynckit "^0.4.0"
    combined-stream "^1.0.6"
    mime-types "^2.1.12"

formidable@^1.2.0:
  version "1.2.2"
  resolved "https://registry.yarnpkg.com/formidable/-/formidable-1.2.2.tgz#bf69aea2972982675f00865342b982986f6b8dd9"
  integrity sha512-V8gLm+41I/8kguQ4/o1D3RIHRmhYFG4pnNyonvua+40rqcEmT4+V71yaZ3B457xbbgCsCfjSPi65u/W6vK1U5Q==

function-bind@^1.1.1:
  version "1.1.1"
  resolved "https://registry.yarnpkg.com/function-bind/-/function-bind-1.1.1.tgz#a56899d3ea3c9bab874bb9773b7c5ede92f4895d"
  integrity sha512-yIovAzMX49sF8Yl58fSCWJ5svSLuaibPxXQJFLmBObTuCr0Mf1KiPopGM9NiFjiYBCbfaa2Fh6breQ6ANVTI0A==

get-intrinsic@^1.0.2:
  version "1.1.1"
  resolved "https://registry.yarnpkg.com/get-intrinsic/-/get-intrinsic-1.1.1.tgz#15f59f376f855c446963948f0d24cd3637b4abc6"
  integrity sha512-kWZrnVM42QCiEA2Ig1bG8zjoIMOgxWwYCEeNdwY6Tv/cOSeGpcoX4pXHfKUxNKVoArnrEr2e9srnAxxGIraS9Q==
  dependencies:
    function-bind "^1.1.1"
    has "^1.0.3"
    has-symbols "^1.0.1"

has-symbols@^1.0.1:
  version "1.0.2"
  resolved "https://registry.yarnpkg.com/has-symbols/-/has-symbols-1.0.2.tgz#165d3070c00309752a1236a479331e3ac56f1423"
  integrity sha512-chXa79rL/UC2KlX17jo3vRGz0azaWEx5tGqZg5pO3NUyEJVB17dMruQlzCCOfUvElghKcm5194+BCRvi2Rv/Gw==

has@^1.0.3:
  version "1.0.3"
  resolved "https://registry.yarnpkg.com/has/-/has-1.0.3.tgz#722d7cbfc1f6aa8241f16dd814e011e1f41e8796"
  integrity sha512-f2dvO0VU6Oej7RkWJGrehjbzMAjFp5/VKPp5tTpWIV4JHHZK1/BxbFRtf/siA2SWTe09caDmVtYYzWEIbBS4zw==
  dependencies:
    function-bind "^1.1.1"

inherits@~2.0.3:
  version "2.0.4"
  resolved "https://registry.yarnpkg.com/inherits/-/inherits-2.0.4.tgz#0fa2c64f932917c3433a0ded55363aae37416b7c"
  integrity sha512-k/vGaX4/Yla3WzyMCvTQOXYeIHvqOKtnqBduzTHpzpQZzAskKMhZ2K+EnBiSM9zGSoIFeMpXKxa4dYeZIQqewQ==

isarray@~1.0.0:
  version "1.0.0"
  resolved "https://registry.yarnpkg.com/isarray/-/isarray-1.0.0.tgz#bb935d48582cba168c06834957a54a3e07124f11"
  integrity sha1-u5NdSFgsuhaMBoNJV6VKPgcSTxE=

jquery@>=1.7, jquery@>=1.8.0, jquery@^3.6.0:
  version "3.6.0"
  resolved "https://registry.yarnpkg.com/jquery/-/jquery-3.6.0.tgz#c72a09f15c1bdce142f49dbf1170bdf8adac2470"
  integrity sha512-JVzAR/AjBvVt2BmYhxRCSYysDsPcssdmTFnzyLEts9qNwmjmu4JTAMYubEfwVOSwpQ1I1sKKFcxhZCI2buerfw==

lodash@^4.17.21:
  version "4.17.21"
  resolved "https://registry.yarnpkg.com/lodash/-/lodash-4.17.21.tgz#679591c564c3bffaae8454cf0b3df370c3d6911c"
  integrity sha512-v2kDEe57lecTulaDIuNTPy3Ry4gLGJ6Z1O3vE1krgXZNrsQ+LFTGHVxVjcXPs17LhbZVGedAJv8XZ1tvj5FvSg==

methods@^1.1.1:
  version "1.1.2"
  resolved "https://registry.yarnpkg.com/methods/-/methods-1.1.2.tgz#5529a4d67654134edcc5266656835b0f851afcee"
  integrity sha1-VSmk1nZUE07cxSZmVoNbD4Ua/O4=

mime-db@1.50.0:
  version "1.50.0"
  resolved "https://registry.yarnpkg.com/mime-db/-/mime-db-1.50.0.tgz#abd4ac94e98d3c0e185016c67ab45d5fde40c11f"
  integrity sha512-9tMZCDlYHqeERXEHO9f/hKfNXhre5dK2eE/krIvUjZbS2KPcqGDfNShIWS1uW9XOTKQKqK6qbeOci18rbfW77A==

mime-types@^2.1.12:
  version "2.1.33"
  resolved "https://registry.yarnpkg.com/mime-types/-/mime-types-2.1.33.tgz#1fa12a904472fafd068e48d9e8401f74d3f70edb"
  integrity sha512-plLElXp7pRDd0bNZHw+nMd52vRYjLwQjygaNg7ddJ2uJtTlmnTCjWuPKxVu6//AdaRuME84SvLW91sIkBqGT0g==
  dependencies:
    mime-db "1.50.0"

mime@^1.4.1:
  version "1.6.0"
  resolved "https://registry.yarnpkg.com/mime/-/mime-1.6.0.tgz#32cd9e5c64553bd58d19a568af452acff04981b1"
  integrity sha512-x0Vn8spI+wuJ1O6S7gnbaQg8Pxh4NNHb7KSINmEWKiPE4RKOplvijn+NkmYmmRgP68mc70j2EbeTFRsrswaQeg==

ms@^2.1.1:
  version "2.1.3"
  resolved "https://registry.yarnpkg.com/ms/-/ms-2.1.3.tgz#574c8138ce1d2b5861f0b44579dbadd60c6615b2"
  integrity sha512-6FlzubTLZG3J2a/NVCAleEhjzq5oxgHyaCU9yYXvcLsvoVaHJq/s5xXI6/XXP6tz7R9xAOtHnSO/tXtF3WRTlA==

mustache@^4.2.0:
  version "4.2.0"
  resolved "https://registry.yarnpkg.com/mustache/-/mustache-4.2.0.tgz#e5892324d60a12ec9c2a73359edca52972bf6f64"
  integrity sha512-71ippSywq5Yb7/tVYyGbkBggbU8H3u5Rz56fH60jGFgr8uHwxs+aSKeqmluIVzM0m0kB7xQjKS6qPfd0b2ZoqQ==

object-assign@^4.0.1:
  version "4.1.1"
  resolved "https://registry.yarnpkg.com/object-assign/-/object-assign-4.1.1.tgz#2109adc7965887cfc05cbbd442cac8bfbb360863"
  integrity sha1-IQmtx5ZYh8/AXLvUQsrIv7s2CGM=

object-inspect@^1.9.0:
  version "1.11.0"
  resolved "https://registry.yarnpkg.com/object-inspect/-/object-inspect-1.11.0.tgz#9dceb146cedd4148a0d9e51ab88d34cf509922b1"
  integrity sha512-jp7ikS6Sd3GxQfZJPyH3cjcbJF6GZPClgdV+EFygjFLQ5FmW/dRUnTd9PQ9k0JhoNDabWFbpF1yCdSWCC6gexg==

papaparse@^5.3.1:
  version "5.3.1"
  resolved "https://registry.yarnpkg.com/papaparse/-/papaparse-5.3.1.tgz#770b7a9124d821d4b2132132b7bd7dce7194b5b1"
  integrity sha512-Dbt2yjLJrCwH2sRqKFFJaN5XgIASO9YOFeFP8rIBRG2Ain8mqk5r1M6DkfvqEVozVcz3r3HaUGw253hA1nLIcA==

parsleyjs@^2.9.2:
  version "2.9.2"
  resolved "https://registry.yarnpkg.com/parsleyjs/-/parsleyjs-2.9.2.tgz#67c96961d371821f2623965fa2cc81a4522874cb"
  integrity sha512-DKS2XXTjEUZ1BJWUzgXAr+550kFBZrom2WYweubqdV7WzdNC1hjOajZDfeBPoAZMkXumJPlB3v37IKatbiW8zQ==
  dependencies:
    jquery ">=1.8.0"

popper.js@^1.16.1:
  version "1.16.1"
  resolved "https://registry.yarnpkg.com/popper.js/-/popper.js-1.16.1.tgz#2a223cb3dc7b6213d740e40372be40de43e65b1b"
  integrity sha512-Wb4p1J4zyFTbM+u6WuO4XstYx4Ky9Cewe4DWrel7B0w6VVICvPwdOpotjzcf6eD8TsckVnIMNONQyPIUFOUbCQ==

process-nextick-args@~2.0.0:
  version "2.0.1"
  resolved "https://registry.yarnpkg.com/process-nextick-args/-/process-nextick-args-2.0.1.tgz#7820d9b16120cc55ca9ae7792680ae7dba6d7fe2"
  integrity sha512-3ouUOpQhtgrbOa17J7+uxOTpITYWaGP7/AhoR3+A+/1e9skrzelGi/dXzEYyvbxubEF6Wn2ypscTKiKJFFn1ag==

qs@^6.5.1:
  version "6.10.1"
  resolved "https://registry.yarnpkg.com/qs/-/qs-6.10.1.tgz#4931482fa8d647a5aab799c5271d2133b981fb6a"
  integrity sha512-M528Hph6wsSVOBiYUnGf+K/7w0hNshs/duGsNXPUCLH5XAqjEtiPGwNONLV0tBH8NoGb0mvD5JubnUTrujKDTg==
  dependencies:
    side-channel "^1.0.4"

readable-stream@^2.3.5:
  version "2.3.7"
  resolved "https://registry.yarnpkg.com/readable-stream/-/readable-stream-2.3.7.tgz#1eca1cf711aef814c04f62252a36a62f6cb23b57"
  integrity sha512-Ebho8K4jIbHAxnuxi7o42OrZgF/ZTNcsZj6nRKyUmkhLFq8CHItp/fy6hQZuZmP/n3yZ9VBUbp4zz/mX8hmYPw==
  dependencies:
    core-util-is "~1.0.0"
    inherits "~2.0.3"
    isarray "~1.0.0"
    process-nextick-args "~2.0.0"
    safe-buffer "~5.1.1"
    string_decoder "~1.1.1"
    util-deprecate "~1.0.1"

safe-buffer@~5.1.0, safe-buffer@~5.1.1:
  version "5.1.2"
  resolved "https://registry.yarnpkg.com/safe-buffer/-/safe-buffer-5.1.2.tgz#991ec69d296e0313747d59bdfd2b745c35f8828d"
  integrity sha512-Gd2UZBJDkXlY7GbJxfsE8/nvKkUEU1G38c1siN6QP6a9PT9MmHB8GnpscSmMJSoF8LOIrt8ud/wPtojys4G6+g==

select2@^4.1.0-rc.0:
  version "4.1.0-rc.0"
  resolved "https://registry.yarnpkg.com/select2/-/select2-4.1.0-rc.0.tgz#ba3cd3901dda0155e1c0219ab41b74ba51ea22d8"
  integrity sha512-Hr9TdhyHCZUtwznEH2CBf7967mEM0idtJ5nMtjvk3Up5tPukOLXbHUNmh10oRfeNIhj+3GD3niu+g6sVK+gK0A==

side-channel@^1.0.4:
  version "1.0.4"
  resolved "https://registry.yarnpkg.com/side-channel/-/side-channel-1.0.4.tgz#efce5c8fdc104ee751b25c58d4290011fa5ea2cf"
  integrity sha512-q5XPytqFEIKHkGdiMIrY10mvLRvnQh42/+GoBlFW3b2LXLE2xxJpZFdm94we0BaoV3RwJyGqg5wS7epxTv0Zvw==
  dependencies:
    call-bind "^1.0.0"
    get-intrinsic "^1.0.2"
    object-inspect "^1.9.0"

spark-md5@^3.0.0:
  version "3.0.2"
  resolved "https://registry.yarnpkg.com/spark-md5/-/spark-md5-3.0.2.tgz#7952c4a30784347abcee73268e473b9c0167e3fc"
  integrity sha512-wcFzz9cDfbuqe0FZzfi2or1sgyIrsDwmPwfZC4hiNidPdPINjeUwNfv5kldczoEAcjl9Y1L3SM7Uz2PUEQzxQw==

storage2@^0.1.0:
  version "0.1.2"
  resolved "https://registry.yarnpkg.com/storage2/-/storage2-0.1.2.tgz#3c433adf88b1bf39b61530e361b359fa78c9f244"
  integrity sha512-I6VlBrP9/6GN9J1eMGPiSE2FBtHhKj1yF8NXPH+lpgMY8y/nZ6a22Fm4vHIqEqLrjQ/H2WnOC/fG4ONBm2UTBQ==

string_decoder@~1.1.1:
  version "1.1.1"
  resolved "https://registry.yarnpkg.com/string_decoder/-/string_decoder-1.1.1.tgz#9cf1611ba62685d7030ae9e4ba34149c3af03fc8"
  integrity sha512-n/ShnvDi6FHbbVfviro+WojiFzv+s8MPMHBczVePfUpDJLwoLT0ht1l4YwBCbi8pJAveEEdnkHyPyTP/mzRfwg==
  dependencies:
    safe-buffer "~5.1.0"

superagent@^3.8.3:
  version "3.8.3"
  resolved "https://registry.yarnpkg.com/superagent/-/superagent-3.8.3.tgz#460ea0dbdb7d5b11bc4f78deba565f86a178e128"
  integrity sha512-GLQtLMCoEIK4eDv6OGtkOoSMt3D+oq0y3dsxMuYuDvaNUvuT8eFBuLmfR0iYYzHC1e8hpzC6ZsxbuP6DIalMFA==
  dependencies:
    component-emitter "^1.2.0"
    cookiejar "^2.1.0"
    debug "^3.1.0"
    extend "^3.0.0"
    form-data "^2.3.1"
    formidable "^1.2.0"
    methods "^1.1.1"
    mime "^1.4.1"
    qs "^6.5.1"
    readable-stream "^2.3.5"

tinycarousel@^2.1.8:
  version "2.1.8"
  resolved "https://registry.yarnpkg.com/tinycarousel/-/tinycarousel-2.1.8.tgz#db475ee2ac0d5df750805f5d362be05ba821dff5"
  integrity sha1-20de4qwNXfdQgF9dNivgW6gh3/U=

trix@^1.3.1:
  version "1.3.1"
  resolved "https://registry.yarnpkg.com/trix/-/trix-1.3.1.tgz#ccce8d9e72bf0fe70c8c019ff558c70266f8d857"
  integrity sha512-BbH6mb6gk+AV4f2as38mP6Ucc1LE3OD6XxkZnAgPIduWXYtvg2mI3cZhIZSLqmMh9OITEpOBCCk88IVmyjU7bA==

typeahead.js@^0.11.1:
  version "0.11.1"
  resolved "https://registry.yarnpkg.com/typeahead.js/-/typeahead.js-0.11.1.tgz#4e64e671b22310a8606f4aec805924ba84b015b8"
  integrity sha1-TmTmcbIjEKhgb0rsgFkkuoSwFbg=
  dependencies:
    jquery ">=1.7"

util-deprecate@~1.0.1:
  version "1.0.2"
  resolved "https://registry.yarnpkg.com/util-deprecate/-/util-deprecate-1.0.2.tgz#450d4dc9fa70de732762fbd2d4a28981419a0ccf"
  integrity sha1-RQ1Nyfpw3nMnYvvS1KKJgUGaDM8=
